
Microsoft Visual Studio Solution File, Format Version 12.00
# Visual Studio Version 17
VisualStudioVersion = 17.8.34525.116
MinimumVisualStudioVersion = 10.0.40219.1
Project("{FAE04EC0-301F-11D3-BF4B-00C04F79EFBC}") = "NacionalnaBiblioteca", "NacionalnaBiblioteca.csproj", "{4BBD6159-D3CA-49F1-864E-F5AF38C44DEB}"
EndProject
Global
	GlobalSection(SolutionConfigurationPlatforms) = preSolution
		Debug|Any CPU = Debug|Any CPU
		Release|Any CPU = Release|Any CPU
	EndGlobalSection
	GlobalSection(ProjectConfigurationPlatforms) = postSolution
		{4BBD6159-D3CA-49F1-864E-F5AF38C44DEB}.Debug|Any CPU.ActiveCfg = Debug|Any CPU
		{4BBD6159-D3CA-49F1-864E-F5AF38C44DEB}.Debug|Any CPU.Build.0 = Debug|Any CPU
		{4BBD6159-D3CA-49F1-864E-F5AF38C44DEB}.Release|Any CPU.ActiveCfg = Release|Any CPU
		{4BBD6159-D3CA-49F1-864E-F5AF38C44DEB}.Release|Any CPU.Build.0 = Release|Any CPU
	EndGlobalSection
	GlobalSection(SolutionProperties) = preSolution
		HideSolutionNode = FALSE
	EndGlobalSection
	GlobalSection(ExtensibilityGlobals) = postSolution
		SolutionGuid = {941EA627-CB92-46B7-8F2E-0D68D4F70AA8}
	EndGlobalSection
EndGlobal
